
Microsoft Visual Studio Solution File, Format Version 12.00
# Visual Studio Version 18
VisualStudioVersion = 18.4.11519.219
MinimumVisualStudioVersion = 10.0.40219.1
Project("{FAE04EC0-301F-11D3-BF4B-00C04F79EFBC}") = "MyVocaList", "MyVocaList\MyVocaList.csproj", "{65D3C50C-2074-4BC6-97BC-84AF98FF876F}"
EndProject
Project("{FAE04EC0-301F-11D3-BF4B-00C04F79EFBC}") = "MyVocaList.Domain", "Domain\MyVocaList.Domain.csproj", "{743F08E6-73CC-451C-A7EB-AD40017CBA54}"
EndProject
Project("{FAE04EC0-301F-11D3-BF4B-00C04F79EFBC}") = "MyVocaList.Contracts", "Contracts\MyVocaList.Contracts.csproj", "{FF91F9FD-D4B6-4633-8260-D0F509C61723}"
EndProject
Project("{FAE04EC0-301F-11D3-BF4B-00C04F79EFBC}") = "MyVocaList.Services", "Services\MyVocaList.Services.csproj", "{8B01C34E-D24C-48DB-9138-F52F931568E3}"
EndProject
Project("{FAE04EC0-301F-11D3-BF4B-00C04F79EFBC}") = "MyVocaList.Infra", "Infra\MyVocaList.Infra.csproj", "{9F6E0A44-58C4-440A-A741-00CC0DA3178D}"
EndProject
Project("{2150E333-8FDC-42A3-9474-1A3956D46DE8}") = "Docs", "Docs", "{02EA681E-C7D8-13C7-8484-4AC65E1B71E8}"
	ProjectSection(SolutionItems) = preProject
		Docs\BACKLOG.md = Docs\BACKLOG.md
	EndProjectSection
EndProject
Project("{2150E333-8FDC-42A3-9474-1A3956D46DE8}") = "Itens de Solução", "Itens de Solução", "{380A7511-A354-6D7A-0CC0-8FA1F1BA7B6C}"
	ProjectSection(SolutionItems) = preProject
		.claudeignore = .claudeignore
		.gitignore = .gitignore
		.mcp.json = .mcp.json
		CLAUDE.md = CLAUDE.md
		Directory.Build.props = Directory.Build.props
		LICENSE = LICENSE
		limparBinObj.bat = limparBinObj.bat
		README.md = README.md
				Docs\DevEnv\workflow-layout-findings.md = Docs\DevEnv\workflow-layout-findings.md
EndProjectSection
EndProject
Project("{2150E333-8FDC-42A3-9474-1A3956D46DE8}") = "ChangeLog", "ChangeLog", "{E9A5FC59-0C8C-49B6-9845-7870FA3CD098}"
	ProjectSection(SolutionItems) = preProject
		Docs\Changelog\changelog.md = Docs\Changelog\changelog.md
	EndProjectSection
EndProject
Project("{2150E333-8FDC-42A3-9474-1A3956D46DE8}") = "Design", "Design", "{2C8F9F52-D9DE-4986-BA2B-8901C35DE5F4}"
	ProjectSection(SolutionItems) = preProject
		Docs\Design\MyVocaList_Iconography_MD3_Guideline.md = Docs\Design\MyVocaList_Iconography_MD3_Guideline.md
		Docs\Design\Tongues.pdf = Docs\Design\Tongues.pdf
	EndProjectSection
EndProject
Project("{2150E333-8FDC-42A3-9474-1A3956D46DE8}") = "DevEnv", "DevEnv", "{300D3C1B-4E22-4CEE-85FF-453BD80607BD}"
	ProjectSection(SolutionItems) = preProject
		Docs\DevEnv\claude-code-task-create-rules.md = Docs\DevEnv\claude-code-task-create-rules.md
		Docs\DevEnv\devenv-setup.md = Docs\DevEnv\devenv-setup.md
		Docs\DevEnv\SETUP_QUICKSTART.md = Docs\DevEnv\SETUP_QUICKSTART.md
	EndProjectSection
EndProject
Project("{FAE04EC0-301F-11D3-BF4B-00C04F79EFBC}") = "MyVocaList.Tests", "MyVocaList.Tests\MyVocaList.Tests.csproj", "{C3E8D7AF-F4B4-42B9-8355-EACE1EA31762}"
EndProject
Project("{2150E333-8FDC-42A3-9474-1A3956D46DE8}") = "Contracts", "Contracts", "{A73F2606-6D4C-3EEE-1759-0E59DCFEF523}"
EndProject
Project("{2150E333-8FDC-42A3-9474-1A3956D46DE8}") = "Specs", "Specs", "{4CA06FF1-8789-445B-8AF3-32D4643CDBB3}"
EndProject
Project("{2150E333-8FDC-42A3-9474-1A3956D46DE8}") = "SDD", "SDD", "{C9A5A169-C424-4871-AEC8-6E3E2F56F917}"
	ProjectSection(SolutionItems) = preProject
		Docs\DevEnv\SDD\0_0_0_0_0_SDD_Spec_Driven_Development.md = Docs\DevEnv\SDD\0_0_0_0_0_SDD_Spec_Driven_Development.md
		Docs\DevEnv\SDD\S10_1_1_Brownfield_Retrofit_Difficulty.md = Docs\DevEnv\SDD\S10_1_1_Brownfield_Retrofit_Difficulty.md
		Docs\DevEnv\SDD\S10_1_Problem_Size_Suitability.md = Docs\DevEnv\SDD\S10_1_Problem_Size_Suitability.md
		Docs\DevEnv\SDD\S10_2_1_Adoption_ROI_Timeline.md = Docs\DevEnv\SDD\S10_2_1_Adoption_ROI_Timeline.md
		Docs\DevEnv\SDD\S10_2_2_Cultural_Resistance.md = Docs\DevEnv\SDD\S10_2_2_Cultural_Resistance.md
		Docs\DevEnv\SDD\S10_2_Tradeoffs_and_Limitations.md = Docs\DevEnv\SDD\S10_2_Tradeoffs_and_Limitations.md
		Docs\DevEnv\SDD\S10_Applicability.md = Docs\DevEnv\SDD\S10_Applicability.md
		Docs\DevEnv\SDD\S1_1_Definition.md = Docs\DevEnv\SDD\S1_1_Definition.md
		Docs\DevEnv\SDD\S1_2_1_Level_Gap_Anchored_to_Source.md = Docs\DevEnv\SDD\S1_2_1_Level_Gap_Anchored_to_Source.md
		Docs\DevEnv\SDD\S1_2_Implementation_Levels.md = Docs\DevEnv\SDD\S1_2_Implementation_Levels.md
		Docs\DevEnv\SDD\S1_3_SDD_vs_TDD_BDD_Waterfall.md = Docs\DevEnv\SDD\S1_3_SDD_vs_TDD_BDD_Waterfall.md
		Docs\DevEnv\SDD\S1_Core_Concepts.md = Docs\DevEnv\SDD\S1_Core_Concepts.md
		Docs\DevEnv\SDD\S2_1_1_Tacit_Knowledge_Capture.md = Docs\DevEnv\SDD\S2_1_1_Tacit_Knowledge_Capture.md
		Docs\DevEnv\SDD\S2_1_2_Over_Specification_Risk.md = Docs\DevEnv\SDD\S2_1_2_Over_Specification_Risk.md
		Docs\DevEnv\SDD\S2_1_Spec_Structure_and_Content.md = Docs\DevEnv\SDD\S2_1_Spec_Structure_and_Content.md
		Docs\DevEnv\SDD\S2_2_1_Acceptance_Criteria_Subjectivity.md = Docs\DevEnv\SDD\S2_2_1_Acceptance_Criteria_Subjectivity.md
		Docs\DevEnv\SDD\S2_2_2_Verbosity_vs_Precision_Tension.md = Docs\DevEnv\SDD\S2_2_2_Verbosity_vs_Precision_Tension.md
		Docs\DevEnv\SDD\S2_2_Quality_Characteristics.md = Docs\DevEnv\SDD\S2_2_Quality_Characteristics.md
		Docs\DevEnv\SDD\S2_3_1_Spec_Format_Selection.md = Docs\DevEnv\SDD\S2_3_1_Spec_Format_Selection.md
		Docs\DevEnv\SDD\S2_3_Functional_vs_Technical_Separation.md = Docs\DevEnv\SDD\S2_3_Functional_vs_Technical_Separation.md
		Docs\DevEnv\SDD\S2_Specification_Design.md = Docs\DevEnv\SDD\S2_Specification_Design.md
		Docs\DevEnv\SDD\S3_1_1_Architecture_Debt_from_Early_Decisions.md = Docs\DevEnv\SDD\S3_1_1_Architecture_Debt_from_Early_Decisions.md
		Docs\DevEnv\SDD\S3_1_2_Dependency_Analysis_Incompleteness.md = Docs\DevEnv\SDD\S3_1_2_Dependency_Analysis_Incompleteness.md
		Docs\DevEnv\SDD\S3_1_Planning_Phase.md = Docs\DevEnv\SDD\S3_1_Planning_Phase.md
		Docs\DevEnv\SDD\S3_2_1_Task_Granularity_Calibration.md = Docs\DevEnv\SDD\S3_2_1_Task_Granularity_Calibration.md
		Docs\DevEnv\SDD\S3_2_2_Context_Window_Exhaustion.md = Docs\DevEnv\SDD\S3_2_2_Context_Window_Exhaustion.md
		Docs\DevEnv\SDD\S3_2_Implementation_Phase.md = Docs\DevEnv\SDD\S3_2_Implementation_Phase.md
		Docs\DevEnv\SDD\S3_3_1_Approval_Bottleneck.md = Docs\DevEnv\SDD\S3_3_1_Approval_Bottleneck.md
		Docs\DevEnv\SDD\S3_3_2_Authority_Ambiguity.md = Docs\DevEnv\SDD\S3_3_2_Authority_Ambiguity.md
		Docs\DevEnv\SDD\S3_3_Verification_Review_Gates.md = Docs\DevEnv\SDD\S3_3_Verification_Review_Gates.md
		Docs\DevEnv\SDD\S3_Workflow_Phases.md = Docs\DevEnv\SDD\S3_Workflow_Phases.md
		Docs\DevEnv\SDD\S4_1_1_Cross_Session_Context_Loss.md = Docs\DevEnv\SDD\S4_1_1_Cross_Session_Context_Loss.md
		Docs\DevEnv\SDD\S4_1_Memory_Bank_Context_Files.md = Docs\DevEnv\SDD\S4_1_Memory_Bank_Context_Files.md
		Docs\DevEnv\SDD\S4_2_Context_Engineering.md = Docs\DevEnv\SDD\S4_2_Context_Engineering.md
		Docs\DevEnv\SDD\S4_3_External_Integrations.md = Docs\DevEnv\SDD\S4_3_External_Integrations.md
		Docs\DevEnv\SDD\S4_Context_and_Memory.md = Docs\DevEnv\SDD\S4_Context_and_Memory.md
		Docs\DevEnv\SDD\S5_1_1_Persona_Role_Confusion.md = Docs\DevEnv\SDD\S5_1_1_Persona_Role_Confusion.md
		Docs\DevEnv\SDD\S5_1_Adversarial_Agent_Pattern.md = Docs\DevEnv\SDD\S5_1_Adversarial_Agent_Pattern.md
		Docs\DevEnv\SDD\S5_2_1_Dependency_Ordering_Fragility.md = Docs\DevEnv\SDD\S5_2_1_Dependency_Ordering_Fragility.md
		Docs\DevEnv\SDD\S5_2_2_Cross_Agent_Spec_Conflicts.md = Docs\DevEnv\SDD\S5_2_2_Cross_Agent_Spec_Conflicts.md
		Docs\DevEnv\SDD\S5_2_Parallel_Agent_Execution.md = Docs\DevEnv\SDD\S5_2_Parallel_Agent_Execution.md
		Docs\DevEnv\SDD\S5_3_1_Silent_Task_Completion.md = Docs\DevEnv\SDD\S5_3_1_Silent_Task_Completion.md
		Docs\DevEnv\SDD\S5_3_Subagent_Delegation.md = Docs\DevEnv\SDD\S5_3_Subagent_Delegation.md
		Docs\DevEnv\SDD\S5_Agent_Patterns.md = Docs\DevEnv\SDD\S5_Agent_Patterns.md
		Docs\DevEnv\SDD\S6_1_1_Constitutional_Rigidity_and_Staleness.md = Docs\DevEnv\SDD\S6_1_1_Constitutional_Rigidity_and_Staleness.md
		Docs\DevEnv\SDD\S6_1_2_Amendment_Governance.md = Docs\DevEnv\SDD\S6_1_2_Amendment_Governance.md
		Docs\DevEnv\SDD\S6_1_Constitutional_Constraints.md = Docs\DevEnv\SDD\S6_1_Constitutional_Constraints.md
		Docs\DevEnv\SDD\S6_2_1_Enforcement_Cost_Overhead.md = Docs\DevEnv\SDD\S6_2_1_Enforcement_Cost_Overhead.md
		Docs\DevEnv\SDD\S6_2_Automated_Hooks.md = Docs\DevEnv\SDD\S6_2_Automated_Hooks.md
		Docs\DevEnv\SDD\S6_3_1_Reviewer_Context_Loss.md = Docs\DevEnv\SDD\S6_3_1_Reviewer_Context_Loss.md
		Docs\DevEnv\SDD\S6_3_Review_Gates.md = Docs\DevEnv\SDD\S6_3_Review_Gates.md
		Docs\DevEnv\SDD\S6_4_1_Six_Drift_Categories.md = Docs\DevEnv\SDD\S6_4_1_Six_Drift_Categories.md
		Docs\DevEnv\SDD\S6_4_2_Continuous_Conformance_Requirement.md = Docs\DevEnv\SDD\S6_4_2_Continuous_Conformance_Requirement.md
		Docs\DevEnv\SDD\S6_4_CICD_Integration.md = Docs\DevEnv\SDD\S6_4_CICD_Integration.md
		Docs\DevEnv\SDD\S6_Governance_and_Enforcement.md = Docs\DevEnv\SDD\S6_Governance_and_Enforcement.md
		Docs\DevEnv\SDD\S7_1_1_Vendor_Lock_In.md = Docs\DevEnv\SDD\S7_1_1_Vendor_Lock_In.md
		Docs\DevEnv\SDD\S7_1_2_Tool_Switching_Friction.md = Docs\DevEnv\SDD\S7_1_2_Tool_Switching_Friction.md
		Docs\DevEnv\SDD\S7_1_Spec_First_Tools.md = Docs\DevEnv\SDD\S7_1_Spec_First_Tools.md
		Docs\DevEnv\SDD\S7_2_AI_Coding_Assistants.md = Docs\DevEnv\SDD\S7_2_AI_Coding_Assistants.md
		Docs\DevEnv\SDD\S7_3_1_MCP_Protocol_Immaturity.md = Docs\DevEnv\SDD\S7_3_1_MCP_Protocol_Immaturity.md
		Docs\DevEnv\SDD\S7_3_MCP_Servers.md = Docs\DevEnv\SDD\S7_3_MCP_Servers.md
		Docs\DevEnv\SDD\S7_Tooling.md = Docs\DevEnv\SDD\S7_Tooling.md
		Docs\DevEnv\SDD\S8_1_1_Task_Atomization.md = Docs\DevEnv\SDD\S8_1_1_Task_Atomization.md
		Docs\DevEnv\SDD\S8_1_Task_Tracking.md = Docs\DevEnv\SDD\S8_1_Task_Tracking.md
		Docs\DevEnv\SDD\S8_2_1_Cross_Team_Spec_Consistency.md = Docs\DevEnv\SDD\S8_2_1_Cross_Team_Spec_Consistency.md
		Docs\DevEnv\SDD\S8_2_Parallel_Work_Coordination.md = Docs\DevEnv\SDD\S8_2_Parallel_Work_Coordination.md
		Docs\DevEnv\SDD\S8_3_Progress_Visibility.md = Docs\DevEnv\SDD\S8_3_Progress_Visibility.md
		Docs\DevEnv\SDD\S8_Project_Management.md = Docs\DevEnv\SDD\S8_Project_Management.md
		Docs\DevEnv\SDD\S9_1_1_Property_Based_Testing.md = Docs\DevEnv\SDD\S9_1_1_Property_Based_Testing.md
		Docs\DevEnv\SDD\S9_1_TDD_Integration.md = Docs\DevEnv\SDD\S9_1_TDD_Integration.md
		Docs\DevEnv\SDD\S9_2_1_Spec_Versioning_n_Rollback.md = Docs\DevEnv\SDD\S9_2_1_Spec_Versioning_n_Rollback.md
		Docs\DevEnv\SDD\S9_2_2_Spec_Rot_Under_Evolution.md = Docs\DevEnv\SDD\S9_2_2_Spec_Rot_Under_Evolution.md
		Docs\DevEnv\SDD\S9_2_Spec_Drift_Prevention.md = Docs\DevEnv\SDD\S9_2_Spec_Drift_Prevention.md
		Docs\DevEnv\SDD\S9_3_1_False_Confidence_Trap.md = Docs\DevEnv\SDD\S9_3_1_False_Confidence_Trap.md
		Docs\DevEnv\SDD\S9_3_2_Agent_Autonomy_Without_Reliability.md = Docs\DevEnv\SDD\S9_3_2_Agent_Autonomy_Without_Reliability.md
		Docs\DevEnv\SDD\S9_3_Hallucination_Safeguards.md = Docs\DevEnv\SDD\S9_3_Hallucination_Safeguards.md
		Docs\DevEnv\SDD\S9_Quality_Assurance.md = Docs\DevEnv\SDD\S9_Quality_Assurance.md
		Docs\DevEnv\SDD\task-log.md = Docs\DevEnv\SDD\task-log.md
	EndProjectSection
EndProject
Project("{2150E333-8FDC-42A3-9474-1A3956D46DE8}") = "Plans", "Plans", "{0D9EA0EB-5958-4F68-962E-398A2051CC33}"
	ProjectSection(SolutionItems) = preProject
		Docs\DevEnv\SDD\plans\S10_opportunities.md = Docs\DevEnv\SDD\plans\S10_opportunities.md
		Docs\DevEnv\SDD\plans\S1_opportunities.md = Docs\DevEnv\SDD\plans\S1_opportunities.md
		Docs\DevEnv\SDD\plans\S2_opportunities.md = Docs\DevEnv\SDD\plans\S2_opportunities.md
		Docs\DevEnv\SDD\plans\S3_opportunities.md = Docs\DevEnv\SDD\plans\S3_opportunities.md
		Docs\DevEnv\SDD\plans\S4_opportunities.md = Docs\DevEnv\SDD\plans\S4_opportunities.md
		Docs\DevEnv\SDD\plans\S5_opportunities.md = Docs\DevEnv\SDD\plans\S5_opportunities.md
		Docs\DevEnv\SDD\plans\S6_opportunities.md = Docs\DevEnv\SDD\plans\S6_opportunities.md
		Docs\DevEnv\SDD\plans\S7_opportunities.md = Docs\DevEnv\SDD\plans\S7_opportunities.md
		Docs\DevEnv\SDD\plans\S8_opportunities.md = Docs\DevEnv\SDD\plans\S8_opportunities.md
		Docs\DevEnv\SDD\plans\S9_opportunities.md = Docs\DevEnv\SDD\plans\S9_opportunities.md
		Docs\DevEnv\SDD\plans\status.md = Docs\DevEnv\SDD\plans\status.md
		Docs\DevEnv\SDD\plans\_current_state_summary.md = Docs\DevEnv\SDD\plans\_current_state_summary.md
	EndProjectSection
EndProject
Project("{2150E333-8FDC-42A3-9474-1A3956D46DE8}") = "impl", "impl", "{C32F2513-DA30-4ED9-BD64-50597B18E2D8}"
	ProjectSection(SolutionItems) = preProject
		Docs\DevEnv\SDD\plans\impl\conflict_report.md = Docs\DevEnv\SDD\plans\impl\conflict_report.md
		Docs\DevEnv\SDD\plans\impl\conflict_report_claude_principles.md = Docs\DevEnv\SDD\plans\impl\conflict_report_claude_principles.md
		Docs\DevEnv\SDD\plans\impl\conflict_report_review_testing.md = Docs\DevEnv\SDD\plans\impl\conflict_report_review_testing.md
		Docs\DevEnv\SDD\plans\impl\conflict_report_workflow.md = Docs\DevEnv\SDD\plans\impl\conflict_report_workflow.md
		Docs\DevEnv\SDD\plans\impl\MASTER_PLAN.md = Docs\DevEnv\SDD\plans\impl\MASTER_PLAN.md
		Docs\DevEnv\SDD\plans\impl\RESUME_GUIDE.md = Docs\DevEnv\SDD\plans\impl\RESUME_GUIDE.md
	EndProjectSection
EndProject
Project("{2150E333-8FDC-42A3-9474-1A3956D46DE8}") = "artists-songs", "artists-songs", "{C141C5C9-833C-4A26-96BF-3745A2DA1AD4}"
	ProjectSection(SolutionItems) = preProject
		Docs\Management\BusinessFeatures\artists-songs\design.md = Docs\Management\BusinessFeatures\artists-songs\design.md
		Docs\Management\BusinessFeatures\artists-songs\requirements.md = Docs\Management\BusinessFeatures\artists-songs\requirements.md
		Docs\Management\BusinessFeatures\artists-songs\tasks.md = Docs\Management\BusinessFeatures\artists-songs\tasks.md
			Docs\Management\BusinessFeatures\artists-songs\handoff.md = Docs\Management\BusinessFeatures\artists-songs\handoff.md
		Docs\Management\BusinessFeatures\artists-songs\plan-arch-revision.md = Docs\Management\BusinessFeatures\artists-songs\plan-arch-revision.md
		Docs\Management\BusinessFeatures\artists-songs\plan-phase16.md = Docs\Management\BusinessFeatures\artists-songs\plan-phase16.md
		Docs\Management\BusinessFeatures\artists-songs\plan-spec-revision.md = Docs\Management\BusinessFeatures\artists-songs\plan-spec-revision.md
		Docs\Management\BusinessFeatures\artists-songs\plan.md = Docs\Management\BusinessFeatures\artists-songs\plan.md
		Docs\Management\BusinessFeatures\artists-songs\task-log.md = Docs\Management\BusinessFeatures\artists-songs\task-log.md
EndProjectSection
EndProject
Project("{2150E333-8FDC-42A3-9474-1A3956D46DE8}") = "plans", "plans", "{DD8EAF78-54CC-46D7-A9D6-A37F3C5CA9EB}"
	ProjectSection(SolutionItems) = preProject
		Docs\DevEnv\plans\compressed-plotting-rocket.md = Docs\DevEnv\plans\compressed-plotting-rocket.md
		Docs\DevEnv\plans\drifting-sniffing-allen.md = Docs\DevEnv\plans\drifting-sniffing-allen.md
			Docs\DevEnv\plans\2026-04-02-toolbar-fab-vibrant.md = Docs\DevEnv\plans\2026-04-02-toolbar-fab-vibrant.md
		Docs\DevEnv\plans\cheeky-popping-whale.md = Docs\DevEnv\plans\cheeky-popping-whale.md
		Docs\DevEnv\plans\curious-sniffing-grove.md = Docs\DevEnv\plans\curious-sniffing-grove.md
		Docs\DevEnv\plans\hashed-sprouting-pebble.md = Docs\DevEnv\plans\hashed-sprouting-pebble.md
		Docs\DevEnv\plans\jolly-conjuring-coral.md = Docs\DevEnv\plans\jolly-conjuring-coral.md
		Docs\DevEnv\plans\steady-drifting-valley.md = Docs\DevEnv\plans\steady-drifting-valley.md
EndProjectSection
EndProject
Project("{2150E333-8FDC-42A3-9474-1A3956D46DE8}") = "Plans", "Plans", "{D1C7C335-1E7C-4804-9A55-A5D160232353}"
	ProjectSection(SolutionItems) = preProject
		Docs\Plans\2026-03-06-solution-structure-refactor.md = Docs\Plans\2026-03-06-solution-structure-refactor.md
		Docs\Plans\2026-03-10-md3-appbar-components.md = Docs\Plans\2026-03-10-md3-appbar-components.md
	EndProjectSection
EndProject
Project("{2150E333-8FDC-42A3-9474-1A3956D46DE8}") = "app-versioning", "app-versioning", "{893BCB2E-4C7D-4CF1-BDD4-DFC2A1C9A69B}"
	ProjectSection(SolutionItems) = preProject
		Docs\Management\DevCycleCraft\app-versioning\design.md = Docs\Management\DevCycleCraft\app-versioning\design.md
			Docs\Management\DevCycleCraft\app-versioning\plan.md = Docs\Management\DevCycleCraft\app-versioning\plan.md
EndProjectSection
EndProject
Project("{2150E333-8FDC-42A3-9474-1A3956D46DE8}") = "m3-lists", "m3-lists", "{F58ED7A0-0186-4187-9FCF-78A464FB01C5}"
	ProjectSection(SolutionItems) = preProject
		Docs\Management\DevCycleCraft\m3-lists\design.md = Docs\Management\DevCycleCraft\m3-lists\design.md
			Docs\Management\DevCycleCraft\m3-lists\plan.md = Docs\Management\DevCycleCraft\m3-lists\plan.md
EndProjectSection
EndProject
Project("{2150E333-8FDC-42A3-9474-1A3956D46DE8}") = "persons", "persons", "{D01D4F5A-EA21-4BEA-9808-B8FD795E79C7}"
	ProjectSection(SolutionItems) = preProject
		Docs\Management\BusinessFeatures\persons\autocomplete-design.md = Docs\Management\BusinessFeatures\persons\autocomplete-design.md
		Docs\Management\BusinessFeatures\persons\design.md = Docs\Management\BusinessFeatures\persons\design.md
		Docs\Management\BusinessFeatures\persons\requirements.md = Docs\Management\BusinessFeatures\persons\requirements.md
		Docs\Management\BusinessFeatures\persons\tasks.md = Docs\Management\BusinessFeatures\persons\tasks.md
			Docs\Management\BusinessFeatures\persons\plan-autocomplete.md = Docs\Management\BusinessFeatures\persons\plan-autocomplete.md
		Docs\Management\BusinessFeatures\persons\plan.md = Docs\Management\BusinessFeatures\persons\plan.md
EndProjectSection
EndProject
Project("{2150E333-8FDC-42A3-9474-1A3956D46DE8}") = "styles-structure", "styles-structure", "{1093A402-3B6A-487E-B4AD-76087EDAC809}"
	ProjectSection(SolutionItems) = preProject
		Docs\Management\DevCycleCraft\styles-structure\design.md = Docs\Management\DevCycleCraft\styles-structure\design.md
			Docs\Management\DevCycleCraft\styles-structure\plan.md = Docs\Management\DevCycleCraft\styles-structure\plan.md
EndProjectSection
EndProject
Project("{2150E333-8FDC-42A3-9474-1A3956D46DE8}") = "venues", "venues", "{9EA47D78-293E-41B7-872D-3B2B85E82710}"
	ProjectSection(SolutionItems) = preProject
		Docs\Management\BusinessFeatures\venues\design.md = Docs\Management\BusinessFeatures\venues\design.md
		Docs\Management\BusinessFeatures\venues\requirements.md = Docs\Management\BusinessFeatures\venues\requirements.md
		Docs\Management\BusinessFeatures\venues\tasks.md = Docs\Management\BusinessFeatures\venues\tasks.md
			Docs\Management\BusinessFeatures\venues\plan.md = Docs\Management\BusinessFeatures\venues\plan.md
EndProjectSection
EndProject
Project("{2150E333-8FDC-42A3-9474-1A3956D46DE8}") = "youtube-karaoke", "youtube-karaoke", "{6851C0F2-5877-4E2F-89C0-9B82A6770BE0}"
	ProjectSection(SolutionItems) = preProject
		Docs\Management\BusinessFeatures\artists-songs\youtube-karaoke\design.md = Docs\Management\BusinessFeatures\artists-songs\youtube-karaoke\design.md
		Docs\Management\BusinessFeatures\artists-songs\youtube-karaoke\requirements.md = Docs\Management\BusinessFeatures\artists-songs\youtube-karaoke\requirements.md
		Docs\Management\BusinessFeatures\artists-songs\youtube-karaoke\tasks.md = Docs\Management\BusinessFeatures\artists-songs\youtube-karaoke\tasks.md
			Docs\Management\BusinessFeatures\artists-songs\youtube-karaoke\plan.md = Docs\Management\BusinessFeatures\artists-songs\youtube-karaoke\plan.md
EndProjectSection
EndProject
Project("{2150E333-8FDC-42A3-9474-1A3956D46DE8}") = "BusinessFeatures", "BusinessFeatures", "{8AB01C9F-E0FD-49D5-AE2C-E27AD8C8F05D}"
EndProject
Project("{2150E333-8FDC-42A3-9474-1A3956D46DE8}") = "DevCycleCraft", "DevCycleCraft", "{0C4BA720-519E-4818-BD9B-34AC19E4FCD7}"
EndProject
Project("{2150E333-8FDC-42A3-9474-1A3956D46DE8}") = "Management", "Management", "{15F1DA03-2180-47BF-BC40-1BB457C97F9E}"
	ProjectSection(SolutionItems) = preProject
		Docs\Management\BACKLOG.md = Docs\Management\BACKLOG.md
	EndProjectSection
EndProject
Global
	GlobalSection(SolutionConfigurationPlatforms) = preSolution
		Debug|Any CPU = Debug|Any CPU
		Debug|x64 = Debug|x64
		Debug|x86 = Debug|x86
		Release|Any CPU = Release|Any CPU
		Release|x64 = Release|x64
		Release|x86 = Release|x86
	EndGlobalSection
	GlobalSection(ProjectConfigurationPlatforms) = postSolution
		{65D3C50C-2074-4BC6-97BC-84AF98FF876F}.Debug|Any CPU.ActiveCfg = Debug|Any CPU
		{65D3C50C-2074-4BC6-97BC-84AF98FF876F}.Debug|Any CPU.Build.0 = Debug|Any CPU
		{65D3C50C-2074-4BC6-97BC-84AF98FF876F}.Debug|Any CPU.Deploy.0 = Debug|Any CPU
		{65D3C50C-2074-4BC6-97BC-84AF98FF876F}.Debug|x64.ActiveCfg = Debug|Any CPU
		{65D3C50C-2074-4BC6-97BC-84AF98FF876F}.Debug|x64.Build.0 = Debug|Any CPU
		{65D3C50C-2074-4BC6-97BC-84AF98FF876F}.Debug|x86.ActiveCfg = Debug|Any CPU
		{65D3C50C-2074-4BC6-97BC-84AF98FF876F}.Debug|x86.Build.0 = Debug|Any CPU
		{65D3C50C-2074-4BC6-97BC-84AF98FF876F}.Release|Any CPU.ActiveCfg = Release|Any CPU
		{65D3C50C-2074-4BC6-97BC-84AF98FF876F}.Release|Any CPU.Build.0 = Release|Any CPU
		{65D3C50C-2074-4BC6-97BC-84AF98FF876F}.Release|Any CPU.Deploy.0 = Release|Any CPU
		{65D3C50C-2074-4BC6-97BC-84AF98FF876F}.Release|x64.ActiveCfg = Release|Any CPU
		{65D3C50C-2074-4BC6-97BC-84AF98FF876F}.Release|x64.Build.0 = Release|Any CPU
		{65D3C50C-2074-4BC6-97BC-84AF98FF876F}.Release|x86.ActiveCfg = Release|Any CPU
		{65D3C50C-2074-4BC6-97BC-84AF98FF876F}.Release|x86.Build.0 = Release|Any CPU
		{743F08E6-73CC-451C-A7EB-AD40017CBA54}.Debug|Any CPU.ActiveCfg = Debug|Any CPU
		{743F08E6-73CC-451C-A7EB-AD40017CBA54}.Debug|Any CPU.Build.0 = Debug|Any CPU
		{743F08E6-73CC-451C-A7EB-AD40017CBA54}.Debug|x64.ActiveCfg = Debug|Any CPU
		{743F08E6-73CC-451C-A7EB-AD40017CBA54}.Debug|x64.Build.0 = Debug|Any CPU
		{743F08E6-73CC-451C-A7EB-AD40017CBA54}.Debug|x86.ActiveCfg = Debug|Any CPU
		{743F08E6-73CC-451C-A7EB-AD40017CBA54}.Debug|x86.Build.0 = Debug|Any CPU
		{743F08E6-73CC-451C-A7EB-AD40017CBA54}.Release|Any CPU.ActiveCfg = Release|Any CPU
		{743F08E6-73CC-451C-A7EB-AD40017CBA54}.Release|Any CPU.Build.0 = Release|Any CPU
		{743F08E6-73CC-451C-A7EB-AD40017CBA54}.Release|x64.ActiveCfg = Release|Any CPU
		{743F08E6-73CC-451C-A7EB-AD40017CBA54}.Release|x64.Build.0 = Release|Any CPU
		{743F08E6-73CC-451C-A7EB-AD40017CBA54}.Release|x86.ActiveCfg = Release|Any CPU
		{743F08E6-73CC-451C-A7EB-AD40017CBA54}.Release|x86.Build.0 = Release|Any CPU
		{FF91F9FD-D4B6-4633-8260-D0F509C61723}.Debug|Any CPU.ActiveCfg = Debug|Any CPU
		{FF91F9FD-D4B6-4633-8260-D0F509C61723}.Debug|Any CPU.Build.0 = Debug|Any CPU
		{FF91F9FD-D4B6-4633-8260-D0F509C61723}.Debug|x64.ActiveCfg = Debug|Any CPU
		{FF91F9FD-D4B6-4633-8260-D0F509C61723}.Debug|x64.Build.0 = Debug|Any CPU
		{FF91F9FD-D4B6-4633-8260-D0F509C61723}.Debug|x86.ActiveCfg = Debug|Any CPU
		{FF91F9FD-D4B6-4633-8260-D0F509C61723}.Debug|x86.Build.0 = Debug|Any CPU
		{FF91F9FD-D4B6-4633-8260-D0F509C61723}.Release|Any CPU.ActiveCfg = Release|Any CPU
		{FF91F9FD-D4B6-4633-8260-D0F509C61723}.Release|Any CPU.Build.0 = Release|Any CPU
		{FF91F9FD-D4B6-4633-8260-D0F509C61723}.Release|x64.ActiveCfg = Release|Any CPU
		{FF91F9FD-D4B6-4633-8260-D0F509C61723}.Release|x64.Build.0 = Release|Any CPU
		{FF91F9FD-D4B6-4633-8260-D0F509C61723}.Release|x86.ActiveCfg = Release|Any CPU
		{FF91F9FD-D4B6-4633-8260-D0F509C61723}.Release|x86.Build.0 = Release|Any CPU
		{8B01C34E-D24C-48DB-9138-F52F931568E3}.Debug|Any CPU.ActiveCfg = Debug|Any CPU
		{8B01C34E-D24C-48DB-9138-F52F931568E3}.Debug|Any CPU.Build.0 = Debug|Any CPU
		{8B01C34E-D24C-48DB-9138-F52F931568E3}.Debug|x64.ActiveCfg = Debug|Any CPU
		{8B01C34E-D24C-48DB-9138-F52F931568E3}.Debug|x64.Build.0 = Debug|Any CPU
		{8B01C34E-D24C-48DB-9138-F52F931568E3}.Debug|x86.ActiveCfg = Debug|Any CPU
		{8B01C34E-D24C-48DB-9138-F52F931568E3}.Debug|x86.Build.0 = Debug|Any CPU
		{8B01C34E-D24C-48DB-9138-F52F931568E3}.Release|Any CPU.ActiveCfg = Release|Any CPU
		{8B01C34E-D24C-48DB-9138-F52F931568E3}.Release|Any CPU.Build.0 = Release|Any CPU
		{8B01C34E-D24C-48DB-9138-F52F931568E3}.Release|x64.ActiveCfg = Release|Any CPU
		{8B01C34E-D24C-48DB-9138-F52F931568E3}.Release|x64.Build.0 = Release|Any CPU
		{8B01C34E-D24C-48DB-9138-F52F931568E3}.Release|x86.ActiveCfg = Release|Any CPU
		{8B01C34E-D24C-48DB-9138-F52F931568E3}.Release|x86.Build.0 = Release|Any CPU
		{9F6E0A44-58C4-440A-A741-00CC0DA3178D}.Debug|Any CPU.ActiveCfg = Debug|Any CPU
		{9F6E0A44-58C4-440A-A741-00CC0DA3178D}.Debug|Any CPU.Build.0 = Debug|Any CPU
		{9F6E0A44-58C4-440A-A741-00CC0DA3178D}.Debug|x64.ActiveCfg = Debug|Any CPU
		{9F6E0A44-58C4-440A-A741-00CC0DA3178D}.Debug|x64.Build.0 = Debug|Any CPU
		{9F6E0A44-58C4-440A-A741-00CC0DA3178D}.Debug|x86.ActiveCfg = Debug|Any CPU
		{9F6E0A44-58C4-440A-A741-00CC0DA3178D}.Debug|x86.Build.0 = Debug|Any CPU
		{9F6E0A44-58C4-440A-A741-00CC0DA3178D}.Release|Any CPU.ActiveCfg = Release|Any CPU
		{9F6E0A44-58C4-440A-A741-00CC0DA3178D}.Release|Any CPU.Build.0 = Release|Any CPU
		{9F6E0A44-58C4-440A-A741-00CC0DA3178D}.Release|x64.ActiveCfg = Release|Any CPU
		{9F6E0A44-58C4-440A-A741-00CC0DA3178D}.Release|x64.Build.0 = Release|Any CPU
		{9F6E0A44-58C4-440A-A741-00CC0DA3178D}.Release|x86.ActiveCfg = Release|Any CPU
		{9F6E0A44-58C4-440A-A741-00CC0DA3178D}.Release|x86.Build.0 = Release|Any CPU
		{C3E8D7AF-F4B4-42B9-8355-EACE1EA31762}.Debug|Any CPU.ActiveCfg = Debug|Any CPU
		{C3E8D7AF-F4B4-42B9-8355-EACE1EA31762}.Debug|Any CPU.Build.0 = Debug|Any CPU
		{C3E8D7AF-F4B4-42B9-8355-EACE1EA31762}.Debug|x64.ActiveCfg = Debug|Any CPU
		{C3E8D7AF-F4B4-42B9-8355-EACE1EA31762}.Debug|x64.Build.0 = Debug|Any CPU
		{C3E8D7AF-F4B4-42B9-8355-EACE1EA31762}.Debug|x86.ActiveCfg = Debug|Any CPU
		{C3E8D7AF-F4B4-42B9-8355-EACE1EA31762}.Debug|x86.Build.0 = Debug|Any CPU
		{C3E8D7AF-F4B4-42B9-8355-EACE1EA31762}.Release|Any CPU.ActiveCfg = Release|Any CPU
		{C3E8D7AF-F4B4-42B9-8355-EACE1EA31762}.Release|Any CPU.Build.0 = Release|Any CPU
		{C3E8D7AF-F4B4-42B9-8355-EACE1EA31762}.Release|x64.ActiveCfg = Release|Any CPU
		{C3E8D7AF-F4B4-42B9-8355-EACE1EA31762}.Release|x64.Build.0 = Release|Any CPU
		{C3E8D7AF-F4B4-42B9-8355-EACE1EA31762}.Release|x86.ActiveCfg = Release|Any CPU
		{C3E8D7AF-F4B4-42B9-8355-EACE1EA31762}.Release|x86.Build.0 = Release|Any CPU
	EndGlobalSection
	GlobalSection(SolutionProperties) = preSolution
		HideSolutionNode = FALSE
	EndGlobalSection
	GlobalSection(NestedProjects) = preSolution
		{E9A5FC59-0C8C-49B6-9845-7870FA3CD098} = {02EA681E-C7D8-13C7-8484-4AC65E1B71E8}
		{2C8F9F52-D9DE-4986-BA2B-8901C35DE5F4} = {02EA681E-C7D8-13C7-8484-4AC65E1B71E8}
		{300D3C1B-4E22-4CEE-85FF-453BD80607BD} = {02EA681E-C7D8-13C7-8484-4AC65E1B71E8}
		{4CA06FF1-8789-445B-8AF3-32D4643CDBB3} = {02EA681E-C7D8-13C7-8484-4AC65E1B71E8}
		{C9A5A169-C424-4871-AEC8-6E3E2F56F917} = {300D3C1B-4E22-4CEE-85FF-453BD80607BD}
		{0D9EA0EB-5958-4F68-962E-398A2051CC33} = {C9A5A169-C424-4871-AEC8-6E3E2F56F917}
		{C32F2513-DA30-4ED9-BD64-50597B18E2D8} = {0D9EA0EB-5958-4F68-962E-398A2051CC33}
		{C141C5C9-833C-4A26-96BF-3745A2DA1AD4} = {8AB01C9F-E0FD-49D5-AE2C-E27AD8C8F05D}
			{DD8EAF78-54CC-46D7-A9D6-A37F3C5CA9EB} = {300D3C1B-4E22-4CEE-85FF-453BD80607BD}
		{D1C7C335-1E7C-4804-9A55-A5D160232353} = {02EA681E-C7D8-13C7-8484-4AC65E1B71E8}
		{893BCB2E-4C7D-4CF1-BDD4-DFC2A1C9A69B} = {0C4BA720-519E-4818-BD9B-34AC19E4FCD7}
		{8AB01C9F-E0FD-49D5-AE2C-E27AD8C8F05D} = {15F1DA03-2180-47BF-BC40-1BB457C97F9E}
		{0C4BA720-519E-4818-BD9B-34AC19E4FCD7} = {15F1DA03-2180-47BF-BC40-1BB457C97F9E}
		{F58ED7A0-0186-4187-9FCF-78A464FB01C5} = {0C4BA720-519E-4818-BD9B-34AC19E4FCD7}
		{D01D4F5A-EA21-4BEA-9808-B8FD795E79C7} = {8AB01C9F-E0FD-49D5-AE2C-E27AD8C8F05D}
		{1093A402-3B6A-487E-B4AD-76087EDAC809} = {0C4BA720-519E-4818-BD9B-34AC19E4FCD7}
		{9EA47D78-293E-41B7-872D-3B2B85E82710} = {8AB01C9F-E0FD-49D5-AE2C-E27AD8C8F05D}
		{6851C0F2-5877-4E2F-89C0-9B82A6770BE0} = {C141C5C9-833C-4A26-96BF-3745A2DA1AD4}
		{15F1DA03-2180-47BF-BC40-1BB457C97F9E} = {02EA681E-C7D8-13C7-8484-4AC65E1B71E8}
	EndGlobalSection
	GlobalSection(ExtensibilityGlobals) = postSolution
		SolutionGuid = {7EE1A88B-B001-4EC7-99CB-CEB69F38571C}
	EndGlobalSection
