
Microsoft Visual Studio Solution File, Format Version 12.00
# Visual Studio Version 17
VisualStudioVersion = 17.0.31903.59
MinimumVisualStudioVersion = 10.0.40219.1
Project("{FAE04EC0-301F-11D3-BF4B-00C04F79EFBC}") = "MyVocaList", "MyVocaList\MyVocaList.csproj", "{65D3C50C-2074-4BC6-97BC-84AF98FF876F}"
EndProject
Project("{FAE04EC0-301F-11D3-BF4B-00C04F79EFBC}") = "MyVocaList.Domain", "Domain\MyVocaList.Domain.csproj", "{743F08E6-73CC-451C-A7EB-AD40017CBA54}"
EndProject
Project("{FAE04EC0-301F-11D3-BF4B-00C04F79EFBC}") = "MyVocaList.Contracts", "Contracts\MyVocaList.Contracts.csproj", "{FF91F9FD-D4B6-4633-8260-D0F509C61723}"
EndProject
Project("{FAE04EC0-301F-11D3-BF4B-00C04F79EFBC}") = "MyVocaList.Services", "Services\MyVocaList.Services.csproj", "{8B01C34E-D24C-48DB-9138-F52F931568E3}"
EndProject
Project("{FAE04EC0-301F-11D3-BF4B-00C04F79EFBC}") = "MyVocaList.Infra", "Infra\MyVocaList.Infra.csproj", "{9F6E0A44-58C4-440A-A741-00CC0DA3178D}"
EndProject
Project("{2150E333-8FDC-42A3-9474-1A3956D46DE8}") = "Docs", "Docs", "{02EA681E-C7D8-13C7-8484-4AC65E1B71E8}"
EndProject
Project("{2150E333-8FDC-42A3-9474-1A3956D46DE8}") = "Itens de Solução", "Itens de Solução", "{380A7511-A354-6D7A-0CC0-8FA1F1BA7B6C}"
	ProjectSection(SolutionItems) = preProject
		.claudeignore = .claudeignore
		.gitignore = .gitignore
		CLAUDE.md = CLAUDE.md
		LICENSE = LICENSE
		limparBinObj.bat = limparBinObj.bat
		README.md = README.md
	EndProjectSection
EndProject
Project("{2150E333-8FDC-42A3-9474-1A3956D46DE8}") = "ChangeLog", "ChangeLog", "{E9A5FC59-0C8C-49B6-9845-7870FA3CD098}"
	ProjectSection(SolutionItems) = preProject
		Docs\Changelog\changelog.md = Docs\Changelog\changelog.md
	EndProjectSection
EndProject
Project("{2150E333-8FDC-42A3-9474-1A3956D46DE8}") = "Design", "Design", "{2C8F9F52-D9DE-4986-BA2B-8901C35DE5F4}"
	ProjectSection(SolutionItems) = preProject
		Docs\Design\MyVocaList_Iconography_MD3_Guideline.md = Docs\Design\MyVocaList_Iconography_MD3_Guideline.md
		Docs\Design\Tongues.pdf = Docs\Design\Tongues.pdf
	EndProjectSection
EndProject
Global
	GlobalSection(SolutionConfigurationPlatforms) = preSolution
		Debug|Any CPU = Debug|Any CPU
		Debug|x64 = Debug|x64
		Debug|x86 = Debug|x86
		Release|Any CPU = Release|Any CPU
		Release|x64 = Release|x64
		Release|x86 = Release|x86
	EndGlobalSection
	GlobalSection(ProjectConfigurationPlatforms) = postSolution
		{65D3C50C-2074-4BC6-97BC-84AF98FF876F}.Debug|Any CPU.ActiveCfg = Debug|Any CPU
		{65D3C50C-2074-4BC6-97BC-84AF98FF876F}.Debug|Any CPU.Build.0 = Debug|Any CPU
		{65D3C50C-2074-4BC6-97BC-84AF98FF876F}.Debug|Any CPU.Deploy.0 = Debug|Any CPU
		{65D3C50C-2074-4BC6-97BC-84AF98FF876F}.Debug|x64.ActiveCfg = Debug|Any CPU
		{65D3C50C-2074-4BC6-97BC-84AF98FF876F}.Debug|x64.Build.0 = Debug|Any CPU
		{65D3C50C-2074-4BC6-97BC-84AF98FF876F}.Debug|x86.ActiveCfg = Debug|Any CPU
		{65D3C50C-2074-4BC6-97BC-84AF98FF876F}.Debug|x86.Build.0 = Debug|Any CPU
		{65D3C50C-2074-4BC6-97BC-84AF98FF876F}.Release|Any CPU.ActiveCfg = Release|Any CPU
		{65D3C50C-2074-4BC6-97BC-84AF98FF876F}.Release|Any CPU.Build.0 = Release|Any CPU
		{65D3C50C-2074-4BC6-97BC-84AF98FF876F}.Release|x64.ActiveCfg = Release|Any CPU
		{65D3C50C-2074-4BC6-97BC-84AF98FF876F}.Release|x64.Build.0 = Release|Any CPU
		{65D3C50C-2074-4BC6-97BC-84AF98FF876F}.Release|x86.ActiveCfg = Release|Any CPU
		{65D3C50C-2074-4BC6-97BC-84AF98FF876F}.Release|x86.Build.0 = Release|Any CPU
		{743F08E6-73CC-451C-A7EB-AD40017CBA54}.Debug|Any CPU.ActiveCfg = Debug|Any CPU
		{743F08E6-73CC-451C-A7EB-AD40017CBA54}.Debug|Any CPU.Build.0 = Debug|Any CPU
		{743F08E6-73CC-451C-A7EB-AD40017CBA54}.Debug|x64.ActiveCfg = Debug|Any CPU
		{743F08E6-73CC-451C-A7EB-AD40017CBA54}.Debug|x64.Build.0 = Debug|Any CPU
		{743F08E6-73CC-451C-A7EB-AD40017CBA54}.Debug|x86.ActiveCfg = Debug|Any CPU
		{743F08E6-73CC-451C-A7EB-AD40017CBA54}.Debug|x86.Build.0 = Debug|Any CPU
		{743F08E6-73CC-451C-A7EB-AD40017CBA54}.Release|Any CPU.ActiveCfg = Release|Any CPU
		{743F08E6-73CC-451C-A7EB-AD40017CBA54}.Release|Any CPU.Build.0 = Release|Any CPU
		{743F08E6-73CC-451C-A7EB-AD40017CBA54}.Release|x64.ActiveCfg = Release|Any CPU
		{743F08E6-73CC-451C-A7EB-AD40017CBA54}.Release|x64.Build.0 = Release|Any CPU
		{743F08E6-73CC-451C-A7EB-AD40017CBA54}.Release|x86.ActiveCfg = Release|Any CPU
		{743F08E6-73CC-451C-A7EB-AD40017CBA54}.Release|x86.Build.0 = Release|Any CPU
		{FF91F9FD-D4B6-4633-8260-D0F509C61723}.Debug|Any CPU.ActiveCfg = Debug|Any CPU
		{FF91F9FD-D4B6-4633-8260-D0F509C61723}.Debug|Any CPU.Build.0 = Debug|Any CPU
		{FF91F9FD-D4B6-4633-8260-D0F509C61723}.Debug|x64.ActiveCfg = Debug|Any CPU
		{FF91F9FD-D4B6-4633-8260-D0F509C61723}.Debug|x64.Build.0 = Debug|Any CPU
		{FF91F9FD-D4B6-4633-8260-D0F509C61723}.Debug|x86.ActiveCfg = Debug|Any CPU
		{FF91F9FD-D4B6-4633-8260-D0F509C61723}.Debug|x86.Build.0 = Debug|Any CPU
		{FF91F9FD-D4B6-4633-8260-D0F509C61723}.Release|Any CPU.ActiveCfg = Release|Any CPU
		{FF91F9FD-D4B6-4633-8260-D0F509C61723}.Release|Any CPU.Build.0 = Release|Any CPU
		{FF91F9FD-D4B6-4633-8260-D0F509C61723}.Release|x64.ActiveCfg = Release|Any CPU
		{FF91F9FD-D4B6-4633-8260-D0F509C61723}.Release|x64.Build.0 = Release|Any CPU
		{FF91F9FD-D4B6-4633-8260-D0F509C61723}.Release|x86.ActiveCfg = Release|Any CPU
		{FF91F9FD-D4B6-4633-8260-D0F509C61723}.Release|x86.Build.0 = Release|Any CPU
		{8B01C34E-D24C-48DB-9138-F52F931568E3}.Debug|Any CPU.ActiveCfg = Debug|Any CPU
		{8B01C34E-D24C-48DB-9138-F52F931568E3}.Debug|Any CPU.Build.0 = Debug|Any CPU
		{8B01C34E-D24C-48DB-9138-F52F931568E3}.Debug|x64.ActiveCfg = Debug|Any CPU
		{8B01C34E-D24C-48DB-9138-F52F931568E3}.Debug|x64.Build.0 = Debug|Any CPU
		{8B01C34E-D24C-48DB-9138-F52F931568E3}.Debug|x86.ActiveCfg = Debug|Any CPU
		{8B01C34E-D24C-48DB-9138-F52F931568E3}.Debug|x86.Build.0 = Debug|Any CPU
		{8B01C34E-D24C-48DB-9138-F52F931568E3}.Release|Any CPU.ActiveCfg = Release|Any CPU
		{8B01C34E-D24C-48DB-9138-F52F931568E3}.Release|Any CPU.Build.0 = Release|Any CPU
		{8B01C34E-D24C-48DB-9138-F52F931568E3}.Release|x64.ActiveCfg = Release|Any CPU
		{8B01C34E-D24C-48DB-9138-F52F931568E3}.Release|x64.Build.0 = Release|Any CPU
		{8B01C34E-D24C-48DB-9138-F52F931568E3}.Release|x86.ActiveCfg = Release|Any CPU
		{8B01C34E-D24C-48DB-9138-F52F931568E3}.Release|x86.Build.0 = Release|Any CPU
		{9F6E0A44-58C4-440A-A741-00CC0DA3178D}.Debug|Any CPU.ActiveCfg = Debug|Any CPU
		{9F6E0A44-58C4-440A-A741-00CC0DA3178D}.Debug|Any CPU.Build.0 = Debug|Any CPU
		{9F6E0A44-58C4-440A-A741-00CC0DA3178D}.Debug|x64.ActiveCfg = Debug|Any CPU
		{9F6E0A44-58C4-440A-A741-00CC0DA3178D}.Debug|x64.Build.0 = Debug|Any CPU
		{9F6E0A44-58C4-440A-A741-00CC0DA3178D}.Debug|x86.ActiveCfg = Debug|Any CPU
		{9F6E0A44-58C4-440A-A741-00CC0DA3178D}.Debug|x86.Build.0 = Debug|Any CPU
		{9F6E0A44-58C4-440A-A741-00CC0DA3178D}.Release|Any CPU.ActiveCfg = Release|Any CPU
		{9F6E0A44-58C4-440A-A741-00CC0DA3178D}.Release|Any CPU.Build.0 = Release|Any CPU
		{9F6E0A44-58C4-440A-A741-00CC0DA3178D}.Release|x64.ActiveCfg = Release|Any CPU
		{9F6E0A44-58C4-440A-A741-00CC0DA3178D}.Release|x64.Build.0 = Release|Any CPU
		{9F6E0A44-58C4-440A-A741-00CC0DA3178D}.Release|x86.ActiveCfg = Release|Any CPU
		{9F6E0A44-58C4-440A-A741-00CC0DA3178D}.Release|x86.Build.0 = Release|Any CPU
	EndGlobalSection
	GlobalSection(SolutionProperties) = preSolution
		HideSolutionNode = FALSE
	EndGlobalSection
	GlobalSection(NestedProjects) = preSolution
		{E9A5FC59-0C8C-49B6-9845-7870FA3CD098} = {02EA681E-C7D8-13C7-8484-4AC65E1B71E8}
		{2C8F9F52-D9DE-4986-BA2B-8901C35DE5F4} = {02EA681E-C7D8-13C7-8484-4AC65E1B71E8}
	EndGlobalSection
	GlobalSection(ExtensibilityGlobals) = postSolution
		SolutionGuid = {7EE1A88B-B001-4EC7-99CB-CEB69F38571C}
	EndGlobalSection
EndGlobal
